<?xml version="1.0" encoding="UTF-8" standalone="yes" ?>
<CodeBlocks_project_file>
	<FileVersion major="1" minor="6" />
	<Project>
		<Option title="RobotWars" />
		<Option pch_mode="0" />
		<Option compiler="gcc" />
		<Build>
			<Target title="Release">
				<Option output="bin/Release/RobotWars" prefix_auto="1" extension_auto="1" />
				<Option object_output="obj/Release/" />
				<Option type="0" />
				<Option compiler="gcc" />
				<Option projectLinkerOptionsRelation="2" />
				<Compiler>
					<Add option="-O2" />
				</Compiler>
				<Linker>
					<Add option="-s" />
				</Linker>
			</Target>
			<Target title="Debug">
				<Option output="bin/Debug/RobotWars" prefix_auto="1" extension_auto="1" />
				<Option object_output="obj/Debug" />
				<Option type="0" />
				<Option compiler="gcc" />
				<Compiler>
					<Add option="-Wall" />
					<Add option="-g" />
				</Compiler>
			</Target>
		</Build>
		<Compiler>
			<Add option="`wx-config --cflags`" />
			<Add option="-Winvalid-pch" />
			<Add option="-include wx_pch.h" />
			<Add option="-DWX_PRECOMP" />
			<Add option="-Wall" />
		</Compiler>
		<Linker>
			<Add option="`wx-config --libs`" />
		</Linker>
		<Unit filename="Arena.cpp" />
		<Unit filename="Arena.h" />
		<Unit filename="Cell.cpp" />
		<Unit filename="Cell.h" />
		<Unit filename="CustomTypes.h" />
		<Unit filename="Ground.bmp" />
		<Unit filename="Obstacle.bmp" />
		<Unit filename="Player.cpp" />
		<Unit filename="Player.h" />
		<Unit filename="PlayerBlackHole.cpp" />
		<Unit filename="PlayerBlackHole.h" />
		<Unit filename="PlayerGround.cpp" />
		<Unit filename="PlayerGround.h" />
		<Unit filename="PlayerObstacle.cpp" />
		<Unit filename="PlayerObstacle.h" />
		<Unit filename="PlayerRobot.cpp" />
		<Unit filename="PlayerRobot.h" />
		<Unit filename="PlayerTransportHole.cpp" />
		<Unit filename="PlayerTransportHole.h" />
		<Unit filename="RL1Blue.bmp" />
		<Unit filename="RL1Green.bmp" />
		<Unit filename="RL1Red.bmp" />
		<Unit filename="RL1Yellow.bmp" />
		<Unit filename="RL2Blue.bmp" />
		<Unit filename="RL2Green.bmp" />
		<Unit filename="RL2Red.bmp" />
		<Unit filename="RL2Yellow.bmp" />
		<Unit filename="RL3Blue.bmp" />
		<Unit filename="RL3Green.bmp" />
		<Unit filename="RL3Red.bmp" />
		<Unit filename="RL3Yellow.bmp" />
		<Unit filename="RobotWarsApp.cpp" />
		<Unit filename="RobotWarsApp.h" />
		<Unit filename="RobotWarsMain.cpp" />
		<Unit filename="RobotWarsMain.h" />
		<Unit filename="tinyxml2.cpp" />
		<Unit filename="tinyxml2.h" />
		<Unit filename="wx_pch.h">
			<Option compile="1" />
			<Option weight="0" />
		</Unit>
		<Unit filename="wxsmith/RobotWarsframe.wxs" />
		<Extensions>
			<envvars />
			<code_completion />
			<debugger />
			<wxsmith version="1">
				<gui name="wxWidgets" src="RobotWarsApp.cpp" main="RobotWarsFrame" init_handlers="necessary" language="CPP" />
				<resources>
					<wxFrame wxs="wxsmith/RobotWarsframe.wxs" src="RobotWarsMain.cpp" hdr="RobotWarsMain.h" name="RobotWarsFrame" language="CPP" />
				</resources>
			</wxsmith>
		</Extensions>
	</Project>
</CodeBlocks_project_file>
